# THIS IS AN AUTOGENERATED FILE. DO NOT EDIT THIS FILE DIRECTLY.
# yarn lockfile v1


bs-platform@4.0.14:
  version "4.0.14"
  resolved "https://registry.yarnpkg.com/bs-platform/-/bs-platform-4.0.14.tgz#1d9e9622d59ebf4d39408d07b41997201c5f9750"
  integrity sha512-bxeMwZPnJ90r48SavF60pkzGn7heaoHn7IF7fpPdh5L8WZfCzf76AikH2zWJii4QahUeInvRN1tNPWQt3ckKJQ==
