# THIS IS AN AUTOGENERATED FILE. DO NOT EDIT THIS FILE DIRECTLY.
# yarn lockfile v1


bs-platform@8.3.0-dev.2:
  version "8.3.0-dev.2"
  resolved "https://registry.yarnpkg.com/bs-platform/-/bs-platform-8.3.0-dev.2.tgz#17927d601cccc97e2f9ae146cf7e0f7ad8d1d757"
  integrity sha512-+OZ6XXBdq9NgxbCDcfeS/oCHRiOjDr+g+wZ8La5AHoJEPtpk2Lu4jCwidIB0ABQs7nq+UFRQhn25+OeVjPHkgQ==
